// !$*UTF8*$!
{
	archiveVersion = 1;
	classes = {
	};
	objectVersion = 55;
	objects = {

/* Begin PBXBuildFile section */
		9D45A0492822A21000E45744 /* AppDelegate.swift in Sources */ = {isa = PBXBuildFile; fileRef = 9D45A0482822A21000E45744 /* AppDelegate.swift */; };
		9D45A04B2822A21000E45744 /* SceneDelegate.swift in Sources */ = {isa = PBXBuildFile; fileRef = 9D45A04A2822A21000E45744 /* SceneDelegate.swift */; };
		9D45A04D2822A21000E45744 /* ScanMeViewController.swift in Sources */ = {isa = PBXBuildFile; fileRef = 9D45A04C2822A21000E45744 /* ScanMeViewController.swift */; };
		9D45A0502822A21000E45744 /* ScanMeViewController.storyboard in Resources */ = {isa = PBXBuildFile; fileRef = 9D45A04E2822A21000E45744 /* ScanMeViewController.storyboard */; };
		9D45A0522822A21100E45744 /* Assets.xcassets in Resources */ = {isa = PBXBuildFile; fileRef = 9D45A0512822A21100E45744 /* Assets.xcassets */; };
		9D45A0552822A21100E45744 /* LaunchScreen.storyboard in Resources */ = {isa = PBXBuildFile; fileRef = 9D45A0532822A21100E45744 /* LaunchScreen.storyboard */; };
		9D45A0602822A21200E45744 /* ScanMeTests.swift in Sources */ = {isa = PBXBuildFile; fileRef = 9D45A05F2822A21200E45744 /* ScanMeTests.swift */; };
		9D45A0792823392200E45744 /* AppSettings.swift in Sources */ = {isa = PBXBuildFile; fileRef = 9D45A0782823392200E45744 /* AppSettings.swift */; };
		9D45A07B2823403100E45744 /* UIColor+Hex.swift in Sources */ = {isa = PBXBuildFile; fileRef = 9D45A07A2823403100E45744 /* UIColor+Hex.swift */; };
		9D45A0862823560F00E45744 /* Bundle+Extension.swift in Sources */ = {isa = PBXBuildFile; fileRef = 9D45A0852823560F00E45744 /* Bundle+Extension.swift */; };
		9D45A08A2823DBD100E45744 /* ScanMeViewModel.swift in Sources */ = {isa = PBXBuildFile; fileRef = 9D45A0892823DBD100E45744 /* ScanMeViewModel.swift */; };
		9D45A08D2823DCDC00E45744 /* ImageService.swift in Sources */ = {isa = PBXBuildFile; fileRef = 9D45A08C2823DCDC00E45744 /* ImageService.swift */; };
		9D45A08F2823DCF400E45744 /* ImageGetter.swift in Sources */ = {isa = PBXBuildFile; fileRef = 9D45A08E2823DCF400E45744 /* ImageGetter.swift */; };
		9D45A0922823FE3D00E45744 /* ScanMeComposer.swift in Sources */ = {isa = PBXBuildFile; fileRef = 9D45A0912823FE3D00E45744 /* ScanMeComposer.swift */; };
		9D45A0942824011800E45744 /* CameraRollService.swift in Sources */ = {isa = PBXBuildFile; fileRef = 9D45A0932824011800E45744 /* CameraRollService.swift */; };
		9D45A096282401CE00E45744 /* CameraService.swift in Sources */ = {isa = PBXBuildFile; fileRef = 9D45A095282401CE00E45744 /* CameraService.swift */; };
		9D45A0982824020700E45744 /* FileSystemService.swift in Sources */ = {isa = PBXBuildFile; fileRef = 9D45A0972824020700E45744 /* FileSystemService.swift */; };
/* End PBXBuildFile section */

/* Begin PBXContainerItemProxy section */
		9D45A05C2822A21200E45744 /* PBXContainerItemProxy */ = {
			isa = PBXContainerItemProxy;
			containerPortal = 9D45A03D2822A21000E45744 /* Project object */;
			proxyType = 1;
			remoteGlobalIDString = 9D45A0442822A21000E45744;
			remoteInfo = ScanMe;
		};
/* End PBXContainerItemProxy section */

/* Begin PBXFileReference section */
		379F59E72824B02700D9B4CB /* RedCamera.xcconfig */ = {isa = PBXFileReference; lastKnownFileType = text.xcconfig; path = RedCamera.xcconfig; sourceTree = "<group>"; };
		379F59E92824B05C00D9B4CB /* GreenCameraRoll.xcconfig */ = {isa = PBXFileReference; lastKnownFileType = text.xcconfig; path = GreenCameraRoll.xcconfig; sourceTree = "<group>"; };
		9D45A0452822A21000E45744 /* ScanMe.app */ = {isa = PBXFileReference; explicitFileType = wrapper.application; includeInIndex = 0; path = ScanMe.app; sourceTree = BUILT_PRODUCTS_DIR; };
		9D45A0482822A21000E45744 /* AppDelegate.swift */ = {isa = PBXFileReference; lastKnownFileType = sourcecode.swift; path = AppDelegate.swift; sourceTree = "<group>"; };
		9D45A04A2822A21000E45744 /* SceneDelegate.swift */ = {isa = PBXFileReference; lastKnownFileType = sourcecode.swift; path = SceneDelegate.swift; sourceTree = "<group>"; };
		9D45A04C2822A21000E45744 /* ScanMeViewController.swift */ = {isa = PBXFileReference; lastKnownFileType = sourcecode.swift; path = ScanMeViewController.swift; sourceTree = "<group>"; };
		9D45A04F2822A21000E45744 /* Base */ = {isa = PBXFileReference; lastKnownFileType = file.storyboard; name = Base; path = Base.lproj/ScanMeViewController.storyboard; sourceTree = "<group>"; };
		9D45A0512822A21100E45744 /* Assets.xcassets */ = {isa = PBXFileReference; lastKnownFileType = folder.assetcatalog; path = Assets.xcassets; sourceTree = "<group>"; };
		9D45A0542822A21100E45744 /* Base */ = {isa = PBXFileReference; lastKnownFileType = file.storyboard; name = Base; path = Base.lproj/LaunchScreen.storyboard; sourceTree = "<group>"; };
		9D45A0562822A21100E45744 /* Info.plist */ = {isa = PBXFileReference; lastKnownFileType = text.plist.xml; path = Info.plist; sourceTree = "<group>"; };
		9D45A05B2822A21200E45744 /* ScanMeTests.xctest */ = {isa = PBXFileReference; explicitFileType = wrapper.cfbundle; includeInIndex = 0; path = ScanMeTests.xctest; sourceTree = BUILT_PRODUCTS_DIR; };
		9D45A05F2822A21200E45744 /* ScanMeTests.swift */ = {isa = PBXFileReference; lastKnownFileType = sourcecode.swift; path = ScanMeTests.swift; sourceTree = "<group>"; };
		9D45A0782823392200E45744 /* AppSettings.swift */ = {isa = PBXFileReference; lastKnownFileType = sourcecode.swift; path = AppSettings.swift; sourceTree = "<group>"; };
		9D45A07A2823403100E45744 /* UIColor+Hex.swift */ = {isa = PBXFileReference; lastKnownFileType = sourcecode.swift; path = "UIColor+Hex.swift"; sourceTree = "<group>"; };
		9D45A07D2823501C00E45744 /* RedCameraRoll.xcconfig */ = {isa = PBXFileReference; lastKnownFileType = text.xcconfig; path = RedCameraRoll.xcconfig; sourceTree = "<group>"; };
		9D45A07E2823503200E45744 /* GreenFile.xcconfig */ = {isa = PBXFileReference; lastKnownFileType = text.xcconfig; path = GreenFile.xcconfig; sourceTree = "<group>"; };
		9D45A0852823560F00E45744 /* Bundle+Extension.swift */ = {isa = PBXFileReference; lastKnownFileType = sourcecode.swift; path = "Bundle+Extension.swift"; sourceTree = "<group>"; };
		9D45A0892823DBD100E45744 /* ScanMeViewModel.swift */ = {isa = PBXFileReference; lastKnownFileType = sourcecode.swift; path = ScanMeViewModel.swift; sourceTree = "<group>"; };
		9D45A08C2823DCDC00E45744 /* ImageService.swift */ = {isa = PBXFileReference; lastKnownFileType = sourcecode.swift; path = ImageService.swift; sourceTree = "<group>"; };
		9D45A08E2823DCF400E45744 /* ImageGetter.swift */ = {isa = PBXFileReference; lastKnownFileType = sourcecode.swift; path = ImageGetter.swift; sourceTree = "<group>"; };
		9D45A0912823FE3D00E45744 /* ScanMeComposer.swift */ = {isa = PBXFileReference; lastKnownFileType = sourcecode.swift; path = ScanMeComposer.swift; sourceTree = "<group>"; };
		9D45A0932824011800E45744 /* CameraRollService.swift */ = {isa = PBXFileReference; lastKnownFileType = sourcecode.swift; path = CameraRollService.swift; sourceTree = "<group>"; };
		9D45A095282401CE00E45744 /* CameraService.swift */ = {isa = PBXFileReference; lastKnownFileType = sourcecode.swift; path = CameraService.swift; sourceTree = "<group>"; };
		9D45A0972824020700E45744 /* FileSystemService.swift */ = {isa = PBXFileReference; lastKnownFileType = sourcecode.swift; path = FileSystemService.swift; sourceTree = "<group>"; };
/* End PBXFileReference section */

/* Begin PBXFrameworksBuildPhase section */
		9D45A0422822A21000E45744 /* Frameworks */ = {
			isa = PBXFrameworksBuildPhase;
			buildActionMask = 2147483647;
			files = (
			);
			runOnlyForDeploymentPostprocessing = 0;
		};
		9D45A0582822A21200E45744 /* Frameworks */ = {
			isa = PBXFrameworksBuildPhase;
			buildActionMask = 2147483647;
			files = (
			);
			runOnlyForDeploymentPostprocessing = 0;
		};
/* End PBXFrameworksBuildPhase section */

/* Begin PBXGroup section */
		9D45A03C2822A21000E45744 = {
			isa = PBXGroup;
			children = (
				9D45A07C28234FFE00E45744 /* Configurations */,
				9D45A0472822A21000E45744 /* ScanMe */,
				9D45A05E2822A21200E45744 /* ScanMeTests */,
				9D45A0462822A21000E45744 /* Products */,
			);
			sourceTree = "<group>";
		};
		9D45A0462822A21000E45744 /* Products */ = {
			isa = PBXGroup;
			children = (
				9D45A0452822A21000E45744 /* ScanMe.app */,
				9D45A05B2822A21200E45744 /* ScanMeTests.xctest */,
			);
			name = Products;
			sourceTree = "<group>";
		};
		9D45A0472822A21000E45744 /* ScanMe */ = {
			isa = PBXGroup;
			children = (
				9D45A0902823F86C00E45744 /* ScanMeViewController */,
				9D45A08B2823DCB600E45744 /* ImageService */,
				9D45A0872823DAF900E45744 /* Core */,
				9D45A0562822A21100E45744 /* Info.plist */,
			);
			path = ScanMe;
			sourceTree = "<group>";
		};
		9D45A05E2822A21200E45744 /* ScanMeTests */ = {
			isa = PBXGroup;
			children = (
				9D45A05F2822A21200E45744 /* ScanMeTests.swift */,
			);
			path = ScanMeTests;
			sourceTree = "<group>";
		};
		9D45A07C28234FFE00E45744 /* Configurations */ = {
			isa = PBXGroup;
			children = (
				9D45A07D2823501C00E45744 /* RedCameraRoll.xcconfig */,
				379F59E72824B02700D9B4CB /* RedCamera.xcconfig */,
				9D45A07E2823503200E45744 /* GreenFile.xcconfig */,
				379F59E92824B05C00D9B4CB /* GreenCameraRoll.xcconfig */,
			);
			path = Configurations;
			sourceTree = "<group>";
		};
		9D45A0872823DAF900E45744 /* Core */ = {
			isa = PBXGroup;
			children = (
				9D45A0882823DB2A00E45744 /* Extensions */,
				9D45A0482822A21000E45744 /* AppDelegate.swift */,
				9D45A04A2822A21000E45744 /* SceneDelegate.swift */,
				9D45A0512822A21100E45744 /* Assets.xcassets */,
				9D45A0532822A21100E45744 /* LaunchScreen.storyboard */,
				9D45A0782823392200E45744 /* AppSettings.swift */,
				9D45A0912823FE3D00E45744 /* ScanMeComposer.swift */,
			);
			path = Core;
			sourceTree = "<group>";
		};
		9D45A0882823DB2A00E45744 /* Extensions */ = {
			isa = PBXGroup;
			children = (
				9D45A07A2823403100E45744 /* UIColor+Hex.swift */,
				9D45A0852823560F00E45744 /* Bundle+Extension.swift */,
			);
			path = Extensions;
			sourceTree = "<group>";
		};
		9D45A08B2823DCB600E45744 /* ImageService */ = {
			isa = PBXGroup;
			children = (
				9D45A08C2823DCDC00E45744 /* ImageService.swift */,
				9D45A0932824011800E45744 /* CameraRollService.swift */,
				9D45A095282401CE00E45744 /* CameraService.swift */,
				9D45A0972824020700E45744 /* FileSystemService.swift */,
				9D45A08E2823DCF400E45744 /* ImageGetter.swift */,
			);
			path = ImageService;
			sourceTree = "<group>";
		};
		9D45A0902823F86C00E45744 /* ScanMeViewController */ = {
			isa = PBXGroup;
			children = (
				9D45A04E2822A21000E45744 /* ScanMeViewController.storyboard */,
				9D45A04C2822A21000E45744 /* ScanMeViewController.swift */,
				9D45A0892823DBD100E45744 /* ScanMeViewModel.swift */,
			);
			path = ScanMeViewController;
			sourceTree = "<group>";
		};
/* End PBXGroup section */

/* Begin PBXNativeTarget section */
		9D45A0442822A21000E45744 /* ScanMe */ = {
			isa = PBXNativeTarget;
			buildConfigurationList = 9D45A06F2822A21200E45744 /* Build configuration list for PBXNativeTarget "ScanMe" */;
			buildPhases = (
				9D45A0412822A21000E45744 /* Sources */,
				9D45A0422822A21000E45744 /* Frameworks */,
				9D45A0432822A21000E45744 /* Resources */,
			);
			buildRules = (
			);
			dependencies = (
			);
			name = ScanMe;
			productName = ScanMe;
			productReference = 9D45A0452822A21000E45744 /* ScanMe.app */;
			productType = "com.apple.product-type.application";
		};
		9D45A05A2822A21200E45744 /* ScanMeTests */ = {
			isa = PBXNativeTarget;
			buildConfigurationList = 9D45A0722822A21200E45744 /* Build configuration list for PBXNativeTarget "ScanMeTests" */;
			buildPhases = (
				9D45A0572822A21200E45744 /* Sources */,
				9D45A0582822A21200E45744 /* Frameworks */,
				9D45A0592822A21200E45744 /* Resources */,
			);
			buildRules = (
			);
			dependencies = (
				9D45A05D2822A21200E45744 /* PBXTargetDependency */,
			);
			name = ScanMeTests;
			productName = ScanMeTests;
			productReference = 9D45A05B2822A21200E45744 /* ScanMeTests.xctest */;
			productType = "com.apple.product-type.bundle.unit-test";
		};
/* End PBXNativeTarget section */

/* Begin PBXProject section */
		9D45A03D2822A21000E45744 /* Project object */ = {
			isa = PBXProject;
			attributes = {
				BuildIndependentTargetsInParallel = 1;
				LastSwiftUpdateCheck = 1320;
				LastUpgradeCheck = 1320;
				TargetAttributes = {
					9D45A0442822A21000E45744 = {
						CreatedOnToolsVersion = 13.2.1;
					};
					9D45A05A2822A21200E45744 = {
						CreatedOnToolsVersion = 13.2.1;
						TestTargetID = 9D45A0442822A21000E45744;
					};
				};
			};
			buildConfigurationList = 9D45A0402822A21000E45744 /* Build configuration list for PBXProject "ScanMe" */;
			compatibilityVersion = "Xcode 13.0";
			developmentRegion = en;
			hasScannedForEncodings = 0;
			knownRegions = (
				en,
				Base,
			);
			mainGroup = 9D45A03C2822A21000E45744;
			productRefGroup = 9D45A0462822A21000E45744 /* Products */;
			projectDirPath = "";
			projectRoot = "";
			targets = (
				9D45A0442822A21000E45744 /* ScanMe */,
				9D45A05A2822A21200E45744 /* ScanMeTests */,
			);
		};
/* End PBXProject section */

/* Begin PBXResourcesBuildPhase section */
		9D45A0432822A21000E45744 /* Resources */ = {
			isa = PBXResourcesBuildPhase;
			buildActionMask = 2147483647;
			files = (
				9D45A0552822A21100E45744 /* LaunchScreen.storyboard in Resources */,
				9D45A0522822A21100E45744 /* Assets.xcassets in Resources */,
				9D45A0502822A21000E45744 /* ScanMeViewController.storyboard in Resources */,
			);
			runOnlyForDeploymentPostprocessing = 0;
		};
		9D45A0592822A21200E45744 /* Resources */ = {
			isa = PBXResourcesBuildPhase;
			buildActionMask = 2147483647;
			files = (
			);
			runOnlyForDeploymentPostprocessing = 0;
		};
/* End PBXResourcesBuildPhase section */

/* Begin PBXSourcesBuildPhase section */
		9D45A0412822A21000E45744 /* Sources */ = {
			isa = PBXSourcesBuildPhase;
			buildActionMask = 2147483647;
			files = (
				9D45A0942824011800E45744 /* CameraRollService.swift in Sources */,
				9D45A0922823FE3D00E45744 /* ScanMeComposer.swift in Sources */,
				9D45A0982824020700E45744 /* FileSystemService.swift in Sources */,
				9D45A04D2822A21000E45744 /* ScanMeViewController.swift in Sources */,
				9D45A08D2823DCDC00E45744 /* ImageService.swift in Sources */,
				9D45A0862823560F00E45744 /* Bundle+Extension.swift in Sources */,
				9D45A0492822A21000E45744 /* AppDelegate.swift in Sources */,
				9D45A0792823392200E45744 /* AppSettings.swift in Sources */,
				9D45A04B2822A21000E45744 /* SceneDelegate.swift in Sources */,
				9D45A096282401CE00E45744 /* CameraService.swift in Sources */,
				9D45A08A2823DBD100E45744 /* ScanMeViewModel.swift in Sources */,
				9D45A08F2823DCF400E45744 /* ImageGetter.swift in Sources */,
				9D45A07B2823403100E45744 /* UIColor+Hex.swift in Sources */,
			);
			runOnlyForDeploymentPostprocessing = 0;
		};
		9D45A0572822A21200E45744 /* Sources */ = {
			isa = PBXSourcesBuildPhase;
			buildActionMask = 2147483647;
			files = (
				9D45A0602822A21200E45744 /* ScanMeTests.swift in Sources */,
			);
			runOnlyForDeploymentPostprocessing = 0;
		};
/* End PBXSourcesBuildPhase section */

/* Begin PBXTargetDependency section */
		9D45A05D2822A21200E45744 /* PBXTargetDependency */ = {
			isa = PBXTargetDependency;
			target = 9D45A0442822A21000E45744 /* ScanMe */;
			targetProxy = 9D45A05C2822A21200E45744 /* PBXContainerItemProxy */;
		};
/* End PBXTargetDependency section */

/* Begin PBXVariantGroup section */
		9D45A04E2822A21000E45744 /* ScanMeViewController.storyboard */ = {
			isa = PBXVariantGroup;
			children = (
				9D45A04F2822A21000E45744 /* Base */,
			);
			name = ScanMeViewController.storyboard;
			sourceTree = "<group>";
		};
		9D45A0532822A21100E45744 /* LaunchScreen.storyboard */ = {
			isa = PBXVariantGroup;
			children = (
				9D45A0542822A21100E45744 /* Base */,
			);
			name = LaunchScreen.storyboard;
			sourceTree = "<group>";
		};
/* End PBXVariantGroup section */

/* Begin XCBuildConfiguration section */
		379F59EA2824B0A600D9B4CB /* Debug RedCamera */ = {
			isa = XCBuildConfiguration;
			baseConfigurationReference = 379F59E72824B02700D9B4CB /* RedCamera.xcconfig */;
			buildSettings = {
				ALWAYS_SEARCH_USER_PATHS = NO;
				CLANG_ANALYZER_NONNULL = YES;
				CLANG_ANALYZER_NUMBER_OBJECT_CONVERSION = YES_AGGRESSIVE;
				CLANG_CXX_LANGUAGE_STANDARD = "gnu++17";
				CLANG_CXX_LIBRARY = "libc++";
				CLANG_ENABLE_MODULES = YES;
				CLANG_ENABLE_OBJC_ARC = YES;
				CLANG_ENABLE_OBJC_WEAK = YES;
				CLANG_WARN_BLOCK_CAPTURE_AUTORELEASING = YES;
				CLANG_WARN_BOOL_CONVERSION = YES;
				CLANG_WARN_COMMA = YES;
				CLANG_WARN_CONSTANT_CONVERSION = YES;
				CLANG_WARN_DEPRECATED_OBJC_IMPLEMENTATIONS = YES;
				CLANG_WARN_DIRECT_OBJC_ISA_USAGE = YES_ERROR;
				CLANG_WARN_DOCUMENTATION_COMMENTS = YES;
				CLANG_WARN_EMPTY_BODY = YES;
				CLANG_WARN_ENUM_CONVERSION = YES;
				CLANG_WARN_INFINITE_RECURSION = YES;
				CLANG_WARN_INT_CONVERSION = YES;
				CLANG_WARN_NON_LITERAL_NULL_CONVERSION = YES;
				CLANG_WARN_OBJC_IMPLICIT_RETAIN_SELF = YES;
				CLANG_WARN_OBJC_LITERAL_CONVERSION = YES;
				CLANG_WARN_OBJC_ROOT_CLASS = YES_ERROR;
				CLANG_WARN_QUOTED_INCLUDE_IN_FRAMEWORK_HEADER = YES;
				CLANG_WARN_RANGE_LOOP_ANALYSIS = YES;
				CLANG_WARN_STRICT_PROTOTYPES = YES;
				CLANG_WARN_SUSPICIOUS_MOVE = YES;
				CLANG_WARN_UNGUARDED_AVAILABILITY = YES_AGGRESSIVE;
				CLANG_WARN_UNREACHABLE_CODE = YES;
				CLANG_WARN__DUPLICATE_METHOD_MATCH = YES;
				COPY_PHASE_STRIP = NO;
				DEBUG_INFORMATION_FORMAT = dwarf;
				ENABLE_STRICT_OBJC_MSGSEND = YES;
				ENABLE_TESTABILITY = YES;
				GCC_C_LANGUAGE_STANDARD = gnu11;
				GCC_DYNAMIC_NO_PIC = NO;
				GCC_NO_COMMON_BLOCKS = YES;
				GCC_OPTIMIZATION_LEVEL = 0;
				GCC_PREPROCESSOR_DEFINITIONS = (
					"DEBUG=1",
					"$(inherited)",
				);
				GCC_WARN_64_TO_32_BIT_CONVERSION = YES;
				GCC_WARN_ABOUT_RETURN_TYPE = YES_ERROR;
				GCC_WARN_UNDECLARED_SELECTOR = YES;
				GCC_WARN_UNINITIALIZED_AUTOS = YES_AGGRESSIVE;
				GCC_WARN_UNUSED_FUNCTION = YES;
				GCC_WARN_UNUSED_VARIABLE = YES;
				IPHONEOS_DEPLOYMENT_TARGET = 13.0;
				MTL_ENABLE_DEBUG_INFO = INCLUDE_SOURCE;
				MTL_FAST_MATH = YES;
				ONLY_ACTIVE_ARCH = YES;
				SDKROOT = iphoneos;
				SWIFT_ACTIVE_COMPILATION_CONDITIONS = DEBUG;
				SWIFT_OPTIMIZATION_LEVEL = "-Onone";
			};
			name = "Debug RedCamera";
		};
		379F59EB2824B0A600D9B4CB /* Debug RedCamera */ = {
			isa = XCBuildConfiguration;
			baseConfigurationReference = 379F59E72824B02700D9B4CB /* RedCamera.xcconfig */;
			buildSettings = {
				ASSETCATALOG_COMPILER_APPICON_NAME = AppIcon;
				ASSETCATALOG_COMPILER_GLOBAL_ACCENT_COLOR_NAME = AccentColor;
				CODE_SIGN_STYLE = Automatic;
				CURRENT_PROJECT_VERSION = 1;
				DEVELOPMENT_TEAM = CZHT3BTCGY;
				GENERATE_INFOPLIST_FILE = YES;
				INFOPLIST_FILE = ScanMe/Info.plist;
				INFOPLIST_KEY_LSSupportsOpeningDocumentsInPlace = YES;
				INFOPLIST_KEY_NSCameraUsageDescription = "ScanMe needs access to your camera to take photos and extract arithmetic expressions from them.";
				INFOPLIST_KEY_NSPhotoLibraryUsageDescription = "ScanMe needs access to the Photo Library to pick images and extract arithmetic expressions from them.";
				INFOPLIST_KEY_UIApplicationSupportsIndirectInputEvents = YES;
				INFOPLIST_KEY_UILaunchStoryboardName = LaunchScreen;
				INFOPLIST_KEY_UISupportedInterfaceOrientations_iPad = "UIInterfaceOrientationPortrait UIInterfaceOrientationPortraitUpsideDown UIInterfaceOrientationLandscapeLeft UIInterfaceOrientationLandscapeRight";
				INFOPLIST_KEY_UISupportedInterfaceOrientations_iPhone = "UIInterfaceOrientationPortrait UIInterfaceOrientationLandscapeLeft UIInterfaceOrientationLandscapeRight";
				INFOPLIST_KEY_UISupportsDocumentBrowser = YES;
				LD_RUNPATH_SEARCH_PATHS = (
					"$(inherited)",
					"@executable_path/Frameworks",
				);
				MARKETING_VERSION = 1.0;
				PRODUCT_BUNDLE_IDENTIFIER = org.gdelgado.ScanMe;
				PRODUCT_NAME = "$(TARGET_NAME)";
				SWIFT_EMIT_LOC_STRINGS = YES;
				SWIFT_VERSION = 5.0;
				TARGETED_DEVICE_FAMILY = "1,2";
			};
			name = "Debug RedCamera";
		};
		379F59EC2824B0A600D9B4CB /* Debug RedCamera */ = {
			isa = XCBuildConfiguration;
			baseConfigurationReference = 379F59E72824B02700D9B4CB /* RedCamera.xcconfig */;
			buildSettings = {
				ALWAYS_EMBED_SWIFT_STANDARD_LIBRARIES = YES;
				BUNDLE_LOADER = "$(TEST_HOST)";
				CODE_SIGN_STYLE = Automatic;
				CURRENT_PROJECT_VERSION = 1;
				DEVELOPMENT_TEAM = CZHT3BTCGY;
				GENERATE_INFOPLIST_FILE = YES;
				IPHONEOS_DEPLOYMENT_TARGET = 15.2;
				MARKETING_VERSION = 1.0;
				PRODUCT_BUNDLE_IDENTIFIER = org.gdelgado.ScanMeTests;
				PRODUCT_NAME = "$(TARGET_NAME)";
				SWIFT_EMIT_LOC_STRINGS = NO;
				SWIFT_VERSION = 5.0;
				TARGETED_DEVICE_FAMILY = "1,2";
				TEST_HOST = "$(BUILT_PRODUCTS_DIR)/ScanMe.app/ScanMe";
			};
			name = "Debug RedCamera";
		};
		379F59ED2824B0CD00D9B4CB /* Debug GreenCameraRoll */ = {
			isa = XCBuildConfiguration;
			baseConfigurationReference = 379F59E92824B05C00D9B4CB /* GreenCameraRoll.xcconfig */;
			buildSettings = {
				ALWAYS_SEARCH_USER_PATHS = NO;
				CLANG_ANALYZER_NONNULL = YES;
				CLANG_ANALYZER_NUMBER_OBJECT_CONVERSION = YES_AGGRESSIVE;
				CLANG_CXX_LANGUAGE_STANDARD = "gnu++17";
				CLANG_CXX_LIBRARY = "libc++";
				CLANG_ENABLE_MODULES = YES;
				CLANG_ENABLE_OBJC_ARC = YES;
				CLANG_ENABLE_OBJC_WEAK = YES;
				CLANG_WARN_BLOCK_CAPTURE_AUTORELEASING = YES;
				CLANG_WARN_BOOL_CONVERSION = YES;
				CLANG_WARN_COMMA = YES;
				CLANG_WARN_CONSTANT_CONVERSION = YES;
				CLANG_WARN_DEPRECATED_OBJC_IMPLEMENTATIONS = YES;
				CLANG_WARN_DIRECT_OBJC_ISA_USAGE = YES_ERROR;
				CLANG_WARN_DOCUMENTATION_COMMENTS = YES;
				CLANG_WARN_EMPTY_BODY = YES;
				CLANG_WARN_ENUM_CONVERSION = YES;
				CLANG_WARN_INFINITE_RECURSION = YES;
				CLANG_WARN_INT_CONVERSION = YES;
				CLANG_WARN_NON_LITERAL_NULL_CONVERSION = YES;
				CLANG_WARN_OBJC_IMPLICIT_RETAIN_SELF = YES;
				CLANG_WARN_OBJC_LITERAL_CONVERSION = YES;
				CLANG_WARN_OBJC_ROOT_CLASS = YES_ERROR;
				CLANG_WARN_QUOTED_INCLUDE_IN_FRAMEWORK_HEADER = YES;
				CLANG_WARN_RANGE_LOOP_ANALYSIS = YES;
				CLANG_WARN_STRICT_PROTOTYPES = YES;
				CLANG_WARN_SUSPICIOUS_MOVE = YES;
				CLANG_WARN_UNGUARDED_AVAILABILITY = YES_AGGRESSIVE;
				CLANG_WARN_UNREACHABLE_CODE = YES;
				CLANG_WARN__DUPLICATE_METHOD_MATCH = YES;
				COPY_PHASE_STRIP = NO;
				DEBUG_INFORMATION_FORMAT = dwarf;
				ENABLE_STRICT_OBJC_MSGSEND = YES;
				ENABLE_TESTABILITY = YES;
				GCC_C_LANGUAGE_STANDARD = gnu11;
				GCC_DYNAMIC_NO_PIC = NO;
				GCC_NO_COMMON_BLOCKS = YES;
				GCC_OPTIMIZATION_LEVEL = 0;
				GCC_PREPROCESSOR_DEFINITIONS = (
					"DEBUG=1",
					"$(inherited)",
				);
				GCC_WARN_64_TO_32_BIT_CONVERSION = YES;
				GCC_WARN_ABOUT_RETURN_TYPE = YES_ERROR;
				GCC_WARN_UNDECLARED_SELECTOR = YES;
				GCC_WARN_UNINITIALIZED_AUTOS = YES_AGGRESSIVE;
				GCC_WARN_UNUSED_FUNCTION = YES;
				GCC_WARN_UNUSED_VARIABLE = YES;
				IPHONEOS_DEPLOYMENT_TARGET = 13.0;
				MTL_ENABLE_DEBUG_INFO = INCLUDE_SOURCE;
				MTL_FAST_MATH = YES;
				ONLY_ACTIVE_ARCH = YES;
				SDKROOT = iphoneos;
				SWIFT_ACTIVE_COMPILATION_CONDITIONS = DEBUG;
				SWIFT_OPTIMIZATION_LEVEL = "-Onone";
			};
			name = "Debug GreenCameraRoll";
		};
		379F59EE2824B0CD00D9B4CB /* Debug GreenCameraRoll */ = {
			isa = XCBuildConfiguration;
			baseConfigurationReference = 379F59E92824B05C00D9B4CB /* GreenCameraRoll.xcconfig */;
			buildSettings = {
				ASSETCATALOG_COMPILER_APPICON_NAME = AppIcon;
				ASSETCATALOG_COMPILER_GLOBAL_ACCENT_COLOR_NAME = AccentColor;
				CODE_SIGN_STYLE = Automatic;
				CURRENT_PROJECT_VERSION = 1;
				DEVELOPMENT_TEAM = CZHT3BTCGY;
				GENERATE_INFOPLIST_FILE = YES;
				INFOPLIST_FILE = ScanMe/Info.plist;
				INFOPLIST_KEY_LSSupportsOpeningDocumentsInPlace = YES;
				INFOPLIST_KEY_NSCameraUsageDescription = "ScanMe needs access to your camera to take photos and extract arithmetic expressions from them.";
				INFOPLIST_KEY_NSPhotoLibraryUsageDescription = "ScanMe needs access to the Photo Library to pick images and extract arithmetic expressions from them.";
				INFOPLIST_KEY_UIApplicationSupportsIndirectInputEvents = YES;
				INFOPLIST_KEY_UILaunchStoryboardName = LaunchScreen;
				INFOPLIST_KEY_UISupportedInterfaceOrientations_iPad = "UIInterfaceOrientationPortrait UIInterfaceOrientationPortraitUpsideDown UIInterfaceOrientationLandscapeLeft UIInterfaceOrientationLandscapeRight";
				INFOPLIST_KEY_UISupportedInterfaceOrientations_iPhone = "UIInterfaceOrientationPortrait UIInterfaceOrientationLandscapeLeft UIInterfaceOrientationLandscapeRight";
				INFOPLIST_KEY_UISupportsDocumentBrowser = YES;
				LD_RUNPATH_SEARCH_PATHS = (
					"$(inherited)",
					"@executable_path/Frameworks",
				);
				MARKETING_VERSION = 1.0;
				PRODUCT_BUNDLE_IDENTIFIER = org.gdelgado.ScanMe;
				PRODUCT_NAME = "$(TARGET_NAME)";
				SWIFT_EMIT_LOC_STRINGS = YES;
				SWIFT_VERSION = 5.0;
				TARGETED_DEVICE_FAMILY = "1,2";
			};
			name = "Debug GreenCameraRoll";
		};
		379F59EF2824B0CD00D9B4CB /* Debug GreenCameraRoll */ = {
			isa = XCBuildConfiguration;
			baseConfigurationReference = 379F59E92824B05C00D9B4CB /* GreenCameraRoll.xcconfig */;
			buildSettings = {
				ALWAYS_EMBED_SWIFT_STANDARD_LIBRARIES = YES;
				BUNDLE_LOADER = "$(TEST_HOST)";
				CODE_SIGN_STYLE = Automatic;
				CURRENT_PROJECT_VERSION = 1;
				DEVELOPMENT_TEAM = CZHT3BTCGY;
				GENERATE_INFOPLIST_FILE = YES;
				IPHONEOS_DEPLOYMENT_TARGET = 15.2;
				MARKETING_VERSION = 1.0;
				PRODUCT_BUNDLE_IDENTIFIER = org.gdelgado.ScanMeTests;
				PRODUCT_NAME = "$(TARGET_NAME)";
				SWIFT_EMIT_LOC_STRINGS = NO;
				SWIFT_VERSION = 5.0;
				TARGETED_DEVICE_FAMILY = "1,2";
				TEST_HOST = "$(BUILT_PRODUCTS_DIR)/ScanMe.app/ScanMe";
			};
			name = "Debug GreenCameraRoll";
		};
		9D45A06D2822A21200E45744 /* Debug */ = {
			isa = XCBuildConfiguration;
			buildSettings = {
				ALWAYS_SEARCH_USER_PATHS = NO;
				CLANG_ANALYZER_NONNULL = YES;
				CLANG_ANALYZER_NUMBER_OBJECT_CONVERSION = YES_AGGRESSIVE;
				CLANG_CXX_LANGUAGE_STANDARD = "gnu++17";
				CLANG_CXX_LIBRARY = "libc++";
				CLANG_ENABLE_MODULES = YES;
				CLANG_ENABLE_OBJC_ARC = YES;
				CLANG_ENABLE_OBJC_WEAK = YES;
				CLANG_WARN_BLOCK_CAPTURE_AUTORELEASING = YES;
				CLANG_WARN_BOOL_CONVERSION = YES;
				CLANG_WARN_COMMA = YES;
				CLANG_WARN_CONSTANT_CONVERSION = YES;
				CLANG_WARN_DEPRECATED_OBJC_IMPLEMENTATIONS = YES;
				CLANG_WARN_DIRECT_OBJC_ISA_USAGE = YES_ERROR;
				CLANG_WARN_DOCUMENTATION_COMMENTS = YES;
				CLANG_WARN_EMPTY_BODY = YES;
				CLANG_WARN_ENUM_CONVERSION = YES;
				CLANG_WARN_INFINITE_RECURSION = YES;
				CLANG_WARN_INT_CONVERSION = YES;
				CLANG_WARN_NON_LITERAL_NULL_CONVERSION = YES;
				CLANG_WARN_OBJC_IMPLICIT_RETAIN_SELF = YES;
				CLANG_WARN_OBJC_LITERAL_CONVERSION = YES;
				CLANG_WARN_OBJC_ROOT_CLASS = YES_ERROR;
				CLANG_WARN_QUOTED_INCLUDE_IN_FRAMEWORK_HEADER = YES;
				CLANG_WARN_RANGE_LOOP_ANALYSIS = YES;
				CLANG_WARN_STRICT_PROTOTYPES = YES;
				CLANG_WARN_SUSPICIOUS_MOVE = YES;
				CLANG_WARN_UNGUARDED_AVAILABILITY = YES_AGGRESSIVE;
				CLANG_WARN_UNREACHABLE_CODE = YES;
				CLANG_WARN__DUPLICATE_METHOD_MATCH = YES;
				COPY_PHASE_STRIP = NO;
				DEBUG_INFORMATION_FORMAT = dwarf;
				ENABLE_STRICT_OBJC_MSGSEND = YES;
				ENABLE_TESTABILITY = YES;
				GCC_C_LANGUAGE_STANDARD = gnu11;
				GCC_DYNAMIC_NO_PIC = NO;
				GCC_NO_COMMON_BLOCKS = YES;
				GCC_OPTIMIZATION_LEVEL = 0;
				GCC_PREPROCESSOR_DEFINITIONS = (
					"DEBUG=1",
					"$(inherited)",
				);
				GCC_WARN_64_TO_32_BIT_CONVERSION = YES;
				GCC_WARN_ABOUT_RETURN_TYPE = YES_ERROR;
				GCC_WARN_UNDECLARED_SELECTOR = YES;
				GCC_WARN_UNINITIALIZED_AUTOS = YES_AGGRESSIVE;
				GCC_WARN_UNUSED_FUNCTION = YES;
				GCC_WARN_UNUSED_VARIABLE = YES;
				IPHONEOS_DEPLOYMENT_TARGET = 13.0;
				MTL_ENABLE_DEBUG_INFO = INCLUDE_SOURCE;
				MTL_FAST_MATH = YES;
				ONLY_ACTIVE_ARCH = YES;
				SDKROOT = iphoneos;
				SWIFT_ACTIVE_COMPILATION_CONDITIONS = DEBUG;
				SWIFT_OPTIMIZATION_LEVEL = "-Onone";
			};
			name = Debug;
		};
		9D45A06E2822A21200E45744 /* Release */ = {
			isa = XCBuildConfiguration;
			buildSettings = {
				ALWAYS_SEARCH_USER_PATHS = NO;
				CLANG_ANALYZER_NONNULL = YES;
				CLANG_ANALYZER_NUMBER_OBJECT_CONVERSION = YES_AGGRESSIVE;
				CLANG_CXX_LANGUAGE_STANDARD = "gnu++17";
				CLANG_CXX_LIBRARY = "libc++";
				CLANG_ENABLE_MODULES = YES;
				CLANG_ENABLE_OBJC_ARC = YES;
				CLANG_ENABLE_OBJC_WEAK = YES;
				CLANG_WARN_BLOCK_CAPTURE_AUTORELEASING = YES;
				CLANG_WARN_BOOL_CONVERSION = YES;
				CLANG_WARN_COMMA = YES;
				CLANG_WARN_CONSTANT_CONVERSION = YES;
				CLANG_WARN_DEPRECATED_OBJC_IMPLEMENTATIONS = YES;
				CLANG_WARN_DIRECT_OBJC_ISA_USAGE = YES_ERROR;
				CLANG_WARN_DOCUMENTATION_COMMENTS = YES;
				CLANG_WARN_EMPTY_BODY = YES;
				CLANG_WARN_ENUM_CONVERSION = YES;
				CLANG_WARN_INFINITE_RECURSION = YES;
				CLANG_WARN_INT_CONVERSION = YES;
				CLANG_WARN_NON_LITERAL_NULL_CONVERSION = YES;
				CLANG_WARN_OBJC_IMPLICIT_RETAIN_SELF = YES;
				CLANG_WARN_OBJC_LITERAL_CONVERSION = YES;
				CLANG_WARN_OBJC_ROOT_CLASS = YES_ERROR;
				CLANG_WARN_QUOTED_INCLUDE_IN_FRAMEWORK_HEADER = YES;
				CLANG_WARN_RANGE_LOOP_ANALYSIS = YES;
				CLANG_WARN_STRICT_PROTOTYPES = YES;
				CLANG_WARN_SUSPICIOUS_MOVE = YES;
				CLANG_WARN_UNGUARDED_AVAILABILITY = YES_AGGRESSIVE;
				CLANG_WARN_UNREACHABLE_CODE = YES;
				CLANG_WARN__DUPLICATE_METHOD_MATCH = YES;
				COPY_PHASE_STRIP = NO;
				DEBUG_INFORMATION_FORMAT = "dwarf-with-dsym";
				ENABLE_NS_ASSERTIONS = NO;
				ENABLE_STRICT_OBJC_MSGSEND = YES;
				GCC_C_LANGUAGE_STANDARD = gnu11;
				GCC_NO_COMMON_BLOCKS = YES;
				GCC_WARN_64_TO_32_BIT_CONVERSION = YES;
				GCC_WARN_ABOUT_RETURN_TYPE = YES_ERROR;
				GCC_WARN_UNDECLARED_SELECTOR = YES;
				GCC_WARN_UNINITIALIZED_AUTOS = YES_AGGRESSIVE;
				GCC_WARN_UNUSED_FUNCTION = YES;
				GCC_WARN_UNUSED_VARIABLE = YES;
				IPHONEOS_DEPLOYMENT_TARGET = 13.0;
				MTL_ENABLE_DEBUG_INFO = NO;
				MTL_FAST_MATH = YES;
				SDKROOT = iphoneos;
				SWIFT_COMPILATION_MODE = wholemodule;
				SWIFT_OPTIMIZATION_LEVEL = "-O";
				VALIDATE_PRODUCT = YES;
			};
			name = Release;
		};
		9D45A0702822A21200E45744 /* Debug */ = {
			isa = XCBuildConfiguration;
			buildSettings = {
				ASSETCATALOG_COMPILER_APPICON_NAME = AppIcon;
				ASSETCATALOG_COMPILER_GLOBAL_ACCENT_COLOR_NAME = AccentColor;
				CODE_SIGN_STYLE = Automatic;
				CURRENT_PROJECT_VERSION = 1;
				DEVELOPMENT_TEAM = CZHT3BTCGY;
				GENERATE_INFOPLIST_FILE = YES;
				INFOPLIST_FILE = ScanMe/Info.plist;
				INFOPLIST_KEY_LSSupportsOpeningDocumentsInPlace = YES;
				INFOPLIST_KEY_NSCameraUsageDescription = "ScanMe needs access to your camera to take photos and extract arithmetic expressions from them.";
				INFOPLIST_KEY_NSPhotoLibraryUsageDescription = "ScanMe needs access to the Photo Library to pick images and extract arithmetic expressions from them.";
				INFOPLIST_KEY_UIApplicationSupportsIndirectInputEvents = YES;
				INFOPLIST_KEY_UILaunchStoryboardName = LaunchScreen;
				INFOPLIST_KEY_UISupportedInterfaceOrientations_iPad = "UIInterfaceOrientationPortrait UIInterfaceOrientationPortraitUpsideDown UIInterfaceOrientationLandscapeLeft UIInterfaceOrientationLandscapeRight";
				INFOPLIST_KEY_UISupportedInterfaceOrientations_iPhone = "UIInterfaceOrientationPortrait UIInterfaceOrientationLandscapeLeft UIInterfaceOrientationLandscapeRight";
				INFOPLIST_KEY_UISupportsDocumentBrowser = YES;
				LD_RUNPATH_SEARCH_PATHS = (
					"$(inherited)",
					"@executable_path/Frameworks",
				);
				MARKETING_VERSION = 1.0;
				PRODUCT_BUNDLE_IDENTIFIER = org.gdelgado.ScanMe;
				PRODUCT_NAME = "$(TARGET_NAME)";
				SWIFT_EMIT_LOC_STRINGS = YES;
				SWIFT_VERSION = 5.0;
				TARGETED_DEVICE_FAMILY = "1,2";
			};
			name = Debug;
		};
		9D45A0712822A21200E45744 /* Release */ = {
			isa = XCBuildConfiguration;
			buildSettings = {
				ASSETCATALOG_COMPILER_APPICON_NAME = AppIcon;
				ASSETCATALOG_COMPILER_GLOBAL_ACCENT_COLOR_NAME = AccentColor;
				CODE_SIGN_STYLE = Automatic;
				CURRENT_PROJECT_VERSION = 1;
				DEVELOPMENT_TEAM = CZHT3BTCGY;
				GENERATE_INFOPLIST_FILE = YES;
				INFOPLIST_FILE = ScanMe/Info.plist;
				INFOPLIST_KEY_LSSupportsOpeningDocumentsInPlace = YES;
				INFOPLIST_KEY_NSCameraUsageDescription = "ScanMe needs access to your camera to take photos and extract arithmetic expressions from them.";
				INFOPLIST_KEY_NSPhotoLibraryUsageDescription = "ScanMe needs access to the Photo Library to pick images and extract arithmetic expressions from them.";
				INFOPLIST_KEY_UIApplicationSupportsIndirectInputEvents = YES;
				INFOPLIST_KEY_UILaunchStoryboardName = LaunchScreen;
				INFOPLIST_KEY_UISupportedInterfaceOrientations_iPad = "UIInterfaceOrientationPortrait UIInterfaceOrientationPortraitUpsideDown UIInterfaceOrientationLandscapeLeft UIInterfaceOrientationLandscapeRight";
				INFOPLIST_KEY_UISupportedInterfaceOrientations_iPhone = "UIInterfaceOrientationPortrait UIInterfaceOrientationLandscapeLeft UIInterfaceOrientationLandscapeRight";
				INFOPLIST_KEY_UISupportsDocumentBrowser = YES;
				LD_RUNPATH_SEARCH_PATHS = (
					"$(inherited)",
					"@executable_path/Frameworks",
				);
				MARKETING_VERSION = 1.0;
				PRODUCT_BUNDLE_IDENTIFIER = org.gdelgado.ScanMe;
				PRODUCT_NAME = "$(TARGET_NAME)";
				SWIFT_EMIT_LOC_STRINGS = YES;
				SWIFT_VERSION = 5.0;
				TARGETED_DEVICE_FAMILY = "1,2";
			};
			name = Release;
		};
		9D45A0732822A21200E45744 /* Debug */ = {
			isa = XCBuildConfiguration;
			buildSettings = {
				ALWAYS_EMBED_SWIFT_STANDARD_LIBRARIES = YES;
				BUNDLE_LOADER = "$(TEST_HOST)";
				CODE_SIGN_STYLE = Automatic;
				CURRENT_PROJECT_VERSION = 1;
				DEVELOPMENT_TEAM = CZHT3BTCGY;
				GENERATE_INFOPLIST_FILE = YES;
				IPHONEOS_DEPLOYMENT_TARGET = 15.2;
				MARKETING_VERSION = 1.0;
				PRODUCT_BUNDLE_IDENTIFIER = org.gdelgado.ScanMeTests;
				PRODUCT_NAME = "$(TARGET_NAME)";
				SWIFT_EMIT_LOC_STRINGS = NO;
				SWIFT_VERSION = 5.0;
				TARGETED_DEVICE_FAMILY = "1,2";
				TEST_HOST = "$(BUILT_PRODUCTS_DIR)/ScanMe.app/ScanMe";
			};
			name = Debug;
		};
		9D45A0742822A21200E45744 /* Release */ = {
			isa = XCBuildConfiguration;
			buildSettings = {
				ALWAYS_EMBED_SWIFT_STANDARD_LIBRARIES = YES;
				BUNDLE_LOADER = "$(TEST_HOST)";
				CODE_SIGN_STYLE = Automatic;
				CURRENT_PROJECT_VERSION = 1;
				DEVELOPMENT_TEAM = CZHT3BTCGY;
				GENERATE_INFOPLIST_FILE = YES;
				IPHONEOS_DEPLOYMENT_TARGET = 15.2;
				MARKETING_VERSION = 1.0;
				PRODUCT_BUNDLE_IDENTIFIER = org.gdelgado.ScanMeTests;
				PRODUCT_NAME = "$(TARGET_NAME)";
				SWIFT_EMIT_LOC_STRINGS = NO;
				SWIFT_VERSION = 5.0;
				TARGETED_DEVICE_FAMILY = "1,2";
				TEST_HOST = "$(BUILT_PRODUCTS_DIR)/ScanMe.app/ScanMe";
			};
			name = Release;
		};
		9D45A07F2823535200E45744 /* Debug RedCameraRoll */ = {
			isa = XCBuildConfiguration;
			baseConfigurationReference = 9D45A07D2823501C00E45744 /* RedCameraRoll.xcconfig */;
			buildSettings = {
				ALWAYS_SEARCH_USER_PATHS = NO;
				CLANG_ANALYZER_NONNULL = YES;
				CLANG_ANALYZER_NUMBER_OBJECT_CONVERSION = YES_AGGRESSIVE;
				CLANG_CXX_LANGUAGE_STANDARD = "gnu++17";
				CLANG_CXX_LIBRARY = "libc++";
				CLANG_ENABLE_MODULES = YES;
				CLANG_ENABLE_OBJC_ARC = YES;
				CLANG_ENABLE_OBJC_WEAK = YES;
				CLANG_WARN_BLOCK_CAPTURE_AUTORELEASING = YES;
				CLANG_WARN_BOOL_CONVERSION = YES;
				CLANG_WARN_COMMA = YES;
				CLANG_WARN_CONSTANT_CONVERSION = YES;
				CLANG_WARN_DEPRECATED_OBJC_IMPLEMENTATIONS = YES;
				CLANG_WARN_DIRECT_OBJC_ISA_USAGE = YES_ERROR;
				CLANG_WARN_DOCUMENTATION_COMMENTS = YES;
				CLANG_WARN_EMPTY_BODY = YES;
				CLANG_WARN_ENUM_CONVERSION = YES;
				CLANG_WARN_INFINITE_RECURSION = YES;
				CLANG_WARN_INT_CONVERSION = YES;
				CLANG_WARN_NON_LITERAL_NULL_CONVERSION = YES;
				CLANG_WARN_OBJC_IMPLICIT_RETAIN_SELF = YES;
				CLANG_WARN_OBJC_LITERAL_CONVERSION = YES;
				CLANG_WARN_OBJC_ROOT_CLASS = YES_ERROR;
				CLANG_WARN_QUOTED_INCLUDE_IN_FRAMEWORK_HEADER = YES;
				CLANG_WARN_RANGE_LOOP_ANALYSIS = YES;
				CLANG_WARN_STRICT_PROTOTYPES = YES;
				CLANG_WARN_SUSPICIOUS_MOVE = YES;
				CLANG_WARN_UNGUARDED_AVAILABILITY = YES_AGGRESSIVE;
				CLANG_WARN_UNREACHABLE_CODE = YES;
				CLANG_WARN__DUPLICATE_METHOD_MATCH = YES;
				COPY_PHASE_STRIP = NO;
				DEBUG_INFORMATION_FORMAT = dwarf;
				ENABLE_STRICT_OBJC_MSGSEND = YES;
				ENABLE_TESTABILITY = YES;
				GCC_C_LANGUAGE_STANDARD = gnu11;
				GCC_DYNAMIC_NO_PIC = NO;
				GCC_NO_COMMON_BLOCKS = YES;
				GCC_OPTIMIZATION_LEVEL = 0;
				GCC_PREPROCESSOR_DEFINITIONS = (
					"DEBUG=1",
					"$(inherited)",
				);
				GCC_WARN_64_TO_32_BIT_CONVERSION = YES;
				GCC_WARN_ABOUT_RETURN_TYPE = YES_ERROR;
				GCC_WARN_UNDECLARED_SELECTOR = YES;
				GCC_WARN_UNINITIALIZED_AUTOS = YES_AGGRESSIVE;
				GCC_WARN_UNUSED_FUNCTION = YES;
				GCC_WARN_UNUSED_VARIABLE = YES;
				IPHONEOS_DEPLOYMENT_TARGET = 13.0;
				MTL_ENABLE_DEBUG_INFO = INCLUDE_SOURCE;
				MTL_FAST_MATH = YES;
				ONLY_ACTIVE_ARCH = YES;
				SDKROOT = iphoneos;
				SWIFT_ACTIVE_COMPILATION_CONDITIONS = DEBUG;
				SWIFT_OPTIMIZATION_LEVEL = "-Onone";
			};
			name = "Debug RedCameraRoll";
		};
		9D45A0802823535200E45744 /* Debug RedCameraRoll */ = {
			isa = XCBuildConfiguration;
			baseConfigurationReference = 9D45A07D2823501C00E45744 /* RedCameraRoll.xcconfig */;
			buildSettings = {
				ASSETCATALOG_COMPILER_APPICON_NAME = AppIcon;
				ASSETCATALOG_COMPILER_GLOBAL_ACCENT_COLOR_NAME = AccentColor;
				CODE_SIGN_STYLE = Automatic;
				CURRENT_PROJECT_VERSION = 1;
				DEVELOPMENT_TEAM = CZHT3BTCGY;
				GENERATE_INFOPLIST_FILE = YES;
				INFOPLIST_FILE = ScanMe/Info.plist;
				INFOPLIST_KEY_LSSupportsOpeningDocumentsInPlace = YES;
				INFOPLIST_KEY_NSCameraUsageDescription = "ScanMe needs access to your camera to take photos and extract arithmetic expressions from them.";
				INFOPLIST_KEY_NSPhotoLibraryUsageDescription = "ScanMe needs access to the Photo Library to pick images and extract arithmetic expressions from them.";
				INFOPLIST_KEY_UIApplicationSupportsIndirectInputEvents = YES;
				INFOPLIST_KEY_UILaunchStoryboardName = LaunchScreen;
				INFOPLIST_KEY_UISupportedInterfaceOrientations_iPad = "UIInterfaceOrientationPortrait UIInterfaceOrientationPortraitUpsideDown UIInterfaceOrientationLandscapeLeft UIInterfaceOrientationLandscapeRight";
				INFOPLIST_KEY_UISupportedInterfaceOrientations_iPhone = "UIInterfaceOrientationPortrait UIInterfaceOrientationLandscapeLeft UIInterfaceOrientationLandscapeRight";
				INFOPLIST_KEY_UISupportsDocumentBrowser = YES;
				LD_RUNPATH_SEARCH_PATHS = (
					"$(inherited)",
					"@executable_path/Frameworks",
				);
				MARKETING_VERSION = 1.0;
				PRODUCT_BUNDLE_IDENTIFIER = org.gdelgado.ScanMe;
				PRODUCT_NAME = "$(TARGET_NAME)";
				SWIFT_EMIT_LOC_STRINGS = YES;
				SWIFT_VERSION = 5.0;
				TARGETED_DEVICE_FAMILY = "1,2";
			};
			name = "Debug RedCameraRoll";
		};
		9D45A0812823535200E45744 /* Debug RedCameraRoll */ = {
			isa = XCBuildConfiguration;
			baseConfigurationReference = 9D45A07D2823501C00E45744 /* RedCameraRoll.xcconfig */;
			buildSettings = {
				ALWAYS_EMBED_SWIFT_STANDARD_LIBRARIES = YES;
				BUNDLE_LOADER = "$(TEST_HOST)";
				CODE_SIGN_STYLE = Automatic;
				CURRENT_PROJECT_VERSION = 1;
				DEVELOPMENT_TEAM = CZHT3BTCGY;
				GENERATE_INFOPLIST_FILE = YES;
				IPHONEOS_DEPLOYMENT_TARGET = 15.2;
				MARKETING_VERSION = 1.0;
				PRODUCT_BUNDLE_IDENTIFIER = org.gdelgado.ScanMeTests;
				PRODUCT_NAME = "$(TARGET_NAME)";
				SWIFT_EMIT_LOC_STRINGS = NO;
				SWIFT_VERSION = 5.0;
				TARGETED_DEVICE_FAMILY = "1,2";
				TEST_HOST = "$(BUILT_PRODUCTS_DIR)/ScanMe.app/ScanMe";
			};
			name = "Debug RedCameraRoll";
		};
		9D45A0822823536400E45744 /* Debug GreenFile */ = {
			isa = XCBuildConfiguration;
			baseConfigurationReference = 9D45A07E2823503200E45744 /* GreenFile.xcconfig */;
			buildSettings = {
				ALWAYS_SEARCH_USER_PATHS = NO;
				CLANG_ANALYZER_NONNULL = YES;
				CLANG_ANALYZER_NUMBER_OBJECT_CONVERSION = YES_AGGRESSIVE;
				CLANG_CXX_LANGUAGE_STANDARD = "gnu++17";
				CLANG_CXX_LIBRARY = "libc++";
				CLANG_ENABLE_MODULES = YES;
				CLANG_ENABLE_OBJC_ARC = YES;
				CLANG_ENABLE_OBJC_WEAK = YES;
				CLANG_WARN_BLOCK_CAPTURE_AUTORELEASING = YES;
				CLANG_WARN_BOOL_CONVERSION = YES;
				CLANG_WARN_COMMA = YES;
				CLANG_WARN_CONSTANT_CONVERSION = YES;
				CLANG_WARN_DEPRECATED_OBJC_IMPLEMENTATIONS = YES;
				CLANG_WARN_DIRECT_OBJC_ISA_USAGE = YES_ERROR;
				CLANG_WARN_DOCUMENTATION_COMMENTS = YES;
				CLANG_WARN_EMPTY_BODY = YES;
				CLANG_WARN_ENUM_CONVERSION = YES;
				CLANG_WARN_INFINITE_RECURSION = YES;
				CLANG_WARN_INT_CONVERSION = YES;
				CLANG_WARN_NON_LITERAL_NULL_CONVERSION = YES;
				CLANG_WARN_OBJC_IMPLICIT_RETAIN_SELF = YES;
				CLANG_WARN_OBJC_LITERAL_CONVERSION = YES;
				CLANG_WARN_OBJC_ROOT_CLASS = YES_ERROR;
				CLANG_WARN_QUOTED_INCLUDE_IN_FRAMEWORK_HEADER = YES;
				CLANG_WARN_RANGE_LOOP_ANALYSIS = YES;
				CLANG_WARN_STRICT_PROTOTYPES = YES;
				CLANG_WARN_SUSPICIOUS_MOVE = YES;
				CLANG_WARN_UNGUARDED_AVAILABILITY = YES_AGGRESSIVE;
				CLANG_WARN_UNREACHABLE_CODE = YES;
				CLANG_WARN__DUPLICATE_METHOD_MATCH = YES;
				COPY_PHASE_STRIP = NO;
				DEBUG_INFORMATION_FORMAT = dwarf;
				ENABLE_STRICT_OBJC_MSGSEND = YES;
				ENABLE_TESTABILITY = YES;
				GCC_C_LANGUAGE_STANDARD = gnu11;
				GCC_DYNAMIC_NO_PIC = NO;
				GCC_NO_COMMON_BLOCKS = YES;
				GCC_OPTIMIZATION_LEVEL = 0;
				GCC_PREPROCESSOR_DEFINITIONS = (
					"DEBUG=1",
					"$(inherited)",
				);
				GCC_WARN_64_TO_32_BIT_CONVERSION = YES;
				GCC_WARN_ABOUT_RETURN_TYPE = YES_ERROR;
				GCC_WARN_UNDECLARED_SELECTOR = YES;
				GCC_WARN_UNINITIALIZED_AUTOS = YES_AGGRESSIVE;
				GCC_WARN_UNUSED_FUNCTION = YES;
				GCC_WARN_UNUSED_VARIABLE = YES;
				IPHONEOS_DEPLOYMENT_TARGET = 13.0;
				MTL_ENABLE_DEBUG_INFO = INCLUDE_SOURCE;
				MTL_FAST_MATH = YES;
				ONLY_ACTIVE_ARCH = YES;
				SDKROOT = iphoneos;
				SWIFT_ACTIVE_COMPILATION_CONDITIONS = DEBUG;
				SWIFT_OPTIMIZATION_LEVEL = "-Onone";
			};
			name = "Debug GreenFile";
		};
		9D45A0832823536400E45744 /* Debug GreenFile */ = {
			isa = XCBuildConfiguration;
			baseConfigurationReference = 9D45A07E2823503200E45744 /* GreenFile.xcconfig */;
			buildSettings = {
				ASSETCATALOG_COMPILER_APPICON_NAME = AppIcon;
				ASSETCATALOG_COMPILER_GLOBAL_ACCENT_COLOR_NAME = AccentColor;
				CODE_SIGN_STYLE = Automatic;
				CURRENT_PROJECT_VERSION = 1;
				DEVELOPMENT_TEAM = CZHT3BTCGY;
				GENERATE_INFOPLIST_FILE = YES;
				INFOPLIST_FILE = ScanMe/Info.plist;
				INFOPLIST_KEY_LSSupportsOpeningDocumentsInPlace = YES;
				INFOPLIST_KEY_NSCameraUsageDescription = "ScanMe needs access to your camera to take photos and extract arithmetic expressions from them.";
				INFOPLIST_KEY_NSPhotoLibraryUsageDescription = "ScanMe needs access to the Photo Library to pick images and extract arithmetic expressions from them.";
				INFOPLIST_KEY_UIApplicationSupportsIndirectInputEvents = YES;
				INFOPLIST_KEY_UILaunchStoryboardName = LaunchScreen;
				INFOPLIST_KEY_UISupportedInterfaceOrientations_iPad = "UIInterfaceOrientationPortrait UIInterfaceOrientationPortraitUpsideDown UIInterfaceOrientationLandscapeLeft UIInterfaceOrientationLandscapeRight";
				INFOPLIST_KEY_UISupportedInterfaceOrientations_iPhone = "UIInterfaceOrientationPortrait UIInterfaceOrientationLandscapeLeft UIInterfaceOrientationLandscapeRight";
				INFOPLIST_KEY_UISupportsDocumentBrowser = YES;
				LD_RUNPATH_SEARCH_PATHS = (
					"$(inherited)",
					"@executable_path/Frameworks",
				);
				MARKETING_VERSION = 1.0;
				PRODUCT_BUNDLE_IDENTIFIER = org.gdelgado.ScanMe;
				PRODUCT_NAME = "$(TARGET_NAME)";
				SWIFT_EMIT_LOC_STRINGS = YES;
				SWIFT_VERSION = 5.0;
				TARGETED_DEVICE_FAMILY = "1,2";
			};
			name = "Debug GreenFile";
		};
		9D45A0842823536400E45744 /* Debug GreenFile */ = {
			isa = XCBuildConfiguration;
			baseConfigurationReference = 9D45A07E2823503200E45744 /* GreenFile.xcconfig */;
			buildSettings = {
				ALWAYS_EMBED_SWIFT_STANDARD_LIBRARIES = YES;
				BUNDLE_LOADER = "$(TEST_HOST)";
				CODE_SIGN_STYLE = Automatic;
				CURRENT_PROJECT_VERSION = 1;
				DEVELOPMENT_TEAM = CZHT3BTCGY;
				GENERATE_INFOPLIST_FILE = YES;
				IPHONEOS_DEPLOYMENT_TARGET = 15.2;
				MARKETING_VERSION = 1.0;
				PRODUCT_BUNDLE_IDENTIFIER = org.gdelgado.ScanMeTests;
				PRODUCT_NAME = "$(TARGET_NAME)";
				SWIFT_EMIT_LOC_STRINGS = NO;
				SWIFT_VERSION = 5.0;
				TARGETED_DEVICE_FAMILY = "1,2";
				TEST_HOST = "$(BUILT_PRODUCTS_DIR)/ScanMe.app/ScanMe";
			};
			name = "Debug GreenFile";
		};
/* End XCBuildConfiguration section */

/* Begin XCConfigurationList section */
		9D45A0402822A21000E45744 /* Build configuration list for PBXProject "ScanMe" */ = {
			isa = XCConfigurationList;
			buildConfigurations = (
				9D45A06D2822A21200E45744 /* Debug */,
				379F59ED2824B0CD00D9B4CB /* Debug GreenCameraRoll */,
				379F59EA2824B0A600D9B4CB /* Debug RedCamera */,
				9D45A0822823536400E45744 /* Debug GreenFile */,
				9D45A07F2823535200E45744 /* Debug RedCameraRoll */,
				9D45A06E2822A21200E45744 /* Release */,
			);
			defaultConfigurationIsVisible = 0;
			defaultConfigurationName = Release;
		};
		9D45A06F2822A21200E45744 /* Build configuration list for PBXNativeTarget "ScanMe" */ = {
			isa = XCConfigurationList;
			buildConfigurations = (
				9D45A0702822A21200E45744 /* Debug */,
				379F59EE2824B0CD00D9B4CB /* Debug GreenCameraRoll */,
				379F59EB2824B0A600D9B4CB /* Debug RedCamera */,
				9D45A0832823536400E45744 /* Debug GreenFile */,
				9D45A0802823535200E45744 /* Debug RedCameraRoll */,
				9D45A0712822A21200E45744 /* Release */,
			);
			defaultConfigurationIsVisible = 0;
			defaultConfigurationName = Release;
		};
		9D45A0722822A21200E45744 /* Build configuration list for PBXNativeTarget "ScanMeTests" */ = {
			isa = XCConfigurationList;
			buildConfigurations = (
				9D45A0732822A21200E45744 /* Debug */,
				379F59EF2824B0CD00D9B4CB /* Debug GreenCameraRoll */,
				379F59EC2824B0A600D9B4CB /* Debug RedCamera */,
				9D45A0842823536400E45744 /* Debug GreenFile */,
				9D45A0812823535200E45744 /* Debug RedCameraRoll */,
				9D45A0742822A21200E45744 /* Release */,
			);
			defaultConfigurationIsVisible = 0;
			defaultConfigurationName = Release;
		};
/* End XCConfigurationList section */
	};
	rootObject = 9D45A03D2822A21000E45744 /* Project object */;
}
